# THIS IS AN AUTOGENERATED FILE. DO NOT EDIT THIS FILE DIRECTLY.
# yarn lockfile v1


"@types/node@*":
  version "16.11.6"
  resolved "https://registry.yarnpkg.com/@types/node/-/node-16.11.6.tgz#6bef7a2a0ad684cf6e90fcfe31cecabd9ce0a3ae"
  integrity sha512-ua7PgUoeQFjmWPcoo9khiPum3Pd60k4/2ZGXt18sm2Slk0W0xZTqt5Y0Ny1NyBiN1EVQ/+FaF9NcY4Qe6rwk5w==

uuid@^8.3.2:
  version "8.3.2"
  resolved "https://registry.yarnpkg.com/uuid/-/uuid-8.3.2.tgz#80d5b5ced271bb9af6c445f21a1a04c606cefbe2"
  integrity sha512-+NYs2QeMWy+GWFOEm9xnn6HCDp0l7QBD7ml8zLUmJ+93Q5NF0NocErnwkTkXVFNiX3/fpC6afS8Dhb/gz7R7eg==

ws-esm@^8.2.10:
  version "8.2.10"
  resolved "https://registry.yarnpkg.com/ws-esm/-/ws-esm-8.2.10.tgz#f302ea5e7a16a5034b1a7bb7e1a2290782cc32df"
  integrity sha512-mGV3sPKlorIwNuxs+7R33UKBuQ1Jls/oFFiTjxZNPvx0tLkvg70do8P6WXdt99YQj21iRrLWS38n2U+XhKXutQ==
  dependencies:
    "@types/node" "*"
